
Microsoft Visual Studio Solution File, Format Version 12.00
# Visual Studio Version 17
VisualStudioVersion = 17.3.32929.385
MinimumVisualStudioVersion = 10.0.40219.1
Project("{888888A0-9F3D-457C-B088-3A5042F75D52}") = "Ejercicios 1", "Ejercicios 1\Ejercicios 1.pyproj", "{5B68736D-DA6C-496C-9091-0A63B6B15475}"
EndProject
Global
	GlobalSection(SolutionConfigurationPlatforms) = preSolution
		Debug|Any CPU = Debug|Any CPU
		Release|Any CPU = Release|Any CPU
	EndGlobalSection
	GlobalSection(ProjectConfigurationPlatforms) = postSolution
		{5B68736D-DA6C-496C-9091-0A63B6B15475}.Debug|Any CPU.ActiveCfg = Debug|Any CPU
		{5B68736D-DA6C-496C-9091-0A63B6B15475}.Release|Any CPU.ActiveCfg = Release|Any CPU
	EndGlobalSection
	GlobalSection(SolutionProperties) = preSolution
		HideSolutionNode = FALSE
	EndGlobalSection
	GlobalSection(ExtensibilityGlobals) = postSolution
		SolutionGuid = {1C910DC5-C913-44EA-B54C-8339A5148169}
	EndGlobalSection
EndGlobal
